
Microsoft Visual Studio Solution File, Format Version 12.00
# Visual Studio 14
VisualStudioVersion = 14.0.25420.1
MinimumVisualStudioVersion = 10.0.40219.1
Project("{FAE04EC0-301F-11D3-BF4B-00C04F79EFBC}") = "GoFly", "GoFly\GoFly.csproj", "{EB04D579-5D67-468E-9FC5-1C4F3B21ABBD}"
EndProject
Global
	GlobalSection(SolutionConfigurationPlatforms) = preSolution
		Debug|ARM = Debug|ARM
		Debug|x64 = Debug|x64
		Debug|x86 = Debug|x86
		Release|ARM = Release|ARM
		Release|x64 = Release|x64
		Release|x86 = Release|x86
	EndGlobalSection
	GlobalSection(ProjectConfigurationPlatforms) = postSolution
		{EB04D579-5D67-468E-9FC5-1C4F3B21ABBD}.Debug|ARM.ActiveCfg = Debug|ARM
		{EB04D579-5D67-468E-9FC5-1C4F3B21ABBD}.Debug|ARM.Build.0 = Debug|ARM
		{EB04D579-5D67-468E-9FC5-1C4F3B21ABBD}.Debug|ARM.Deploy.0 = Debug|ARM
		{EB04D579-5D67-468E-9FC5-1C4F3B21ABBD}.Debug|x64.ActiveCfg = Debug|x64
		{EB04D579-5D67-468E-9FC5-1C4F3B21ABBD}.Debug|x64.Build.0 = Debug|x64
		{EB04D579-5D67-468E-9FC5-1C4F3B21ABBD}.Debug|x64.Deploy.0 = Debug|x64
		{EB04D579-5D67-468E-9FC5-1C4F3B21ABBD}.Debug|x86.ActiveCfg = Debug|x86
		{EB04D579-5D67-468E-9FC5-1C4F3B21ABBD}.Debug|x86.Build.0 = Debug|x86
		{EB04D579-5D67-468E-9FC5-1C4F3B21ABBD}.Debug|x86.Deploy.0 = Debug|x86
		{EB04D579-5D67-468E-9FC5-1C4F3B21ABBD}.Release|ARM.ActiveCfg = Release|ARM
		{EB04D579-5D67-468E-9FC5-1C4F3B21ABBD}.Release|ARM.Build.0 = Release|ARM
		{EB04D579-5D67-468E-9FC5-1C4F3B21ABBD}.Release|ARM.Deploy.0 = Release|ARM
		{EB04D579-5D67-468E-9FC5-1C4F3B21ABBD}.Release|x64.ActiveCfg = Release|x64
		{EB04D579-5D67-468E-9FC5-1C4F3B21ABBD}.Release|x64.Build.0 = Release|x64
		{EB04D579-5D67-468E-9FC5-1C4F3B21ABBD}.Release|x64.Deploy.0 = Release|x64
		{EB04D579-5D67-468E-9FC5-1C4F3B21ABBD}.Release|x86.ActiveCfg = Release|x86
		{EB04D579-5D67-468E-9FC5-1C4F3B21ABBD}.Release|x86.Build.0 = Release|x86
		{EB04D579-5D67-468E-9FC5-1C4F3B21ABBD}.Release|x86.Deploy.0 = Release|x86
	EndGlobalSection
	GlobalSection(SolutionProperties) = preSolution
		HideSolutionNode = FALSE
	EndGlobalSection
EndGlobal
