
Microsoft Visual Studio Solution File, Format Version 12.00
# Visual Studio 15
VisualStudioVersion = 15.0.27428.2027
MinimumVisualStudioVersion = 10.0.40219.1
Project("{FAE04EC0-301F-11D3-BF4B-00C04F79EFBC}") = "GoFly", "GoFly\GoFly.csproj", "{621A2F62-3E07-4260-9ADF-890D92F1392D}"
EndProject
Global
	GlobalSection(SolutionConfigurationPlatforms) = preSolution
		Debug|ARM = Debug|ARM
		Debug|x64 = Debug|x64
		Debug|x86 = Debug|x86
		Release|ARM = Release|ARM
		Release|x64 = Release|x64
		Release|x86 = Release|x86
	EndGlobalSection
	GlobalSection(ProjectConfigurationPlatforms) = postSolution
		{621A2F62-3E07-4260-9ADF-890D92F1392D}.Debug|ARM.ActiveCfg = Debug|x64
		{621A2F62-3E07-4260-9ADF-890D92F1392D}.Debug|ARM.Build.0 = Debug|x64
		{621A2F62-3E07-4260-9ADF-890D92F1392D}.Debug|ARM.Deploy.0 = Debug|x64
		{621A2F62-3E07-4260-9ADF-890D92F1392D}.Debug|x64.ActiveCfg = Debug|x64
		{621A2F62-3E07-4260-9ADF-890D92F1392D}.Debug|x64.Build.0 = Debug|x64
		{621A2F62-3E07-4260-9ADF-890D92F1392D}.Debug|x64.Deploy.0 = Debug|x64
		{621A2F62-3E07-4260-9ADF-890D92F1392D}.Debug|x86.ActiveCfg = Debug|x86
		{621A2F62-3E07-4260-9ADF-890D92F1392D}.Debug|x86.Build.0 = Debug|x86
		{621A2F62-3E07-4260-9ADF-890D92F1392D}.Debug|x86.Deploy.0 = Debug|x86
		{621A2F62-3E07-4260-9ADF-890D92F1392D}.Release|ARM.ActiveCfg = Release|ARM
		{621A2F62-3E07-4260-9ADF-890D92F1392D}.Release|ARM.Build.0 = Release|ARM
		{621A2F62-3E07-4260-9ADF-890D92F1392D}.Release|ARM.Deploy.0 = Release|ARM
		{621A2F62-3E07-4260-9ADF-890D92F1392D}.Release|x64.ActiveCfg = Release|x64
		{621A2F62-3E07-4260-9ADF-890D92F1392D}.Release|x64.Build.0 = Release|x64
		{621A2F62-3E07-4260-9ADF-890D92F1392D}.Release|x64.Deploy.0 = Release|x64
		{621A2F62-3E07-4260-9ADF-890D92F1392D}.Release|x86.ActiveCfg = Release|x86
		{621A2F62-3E07-4260-9ADF-890D92F1392D}.Release|x86.Build.0 = Release|x86
		{621A2F62-3E07-4260-9ADF-890D92F1392D}.Release|x86.Deploy.0 = Release|x86
	EndGlobalSection
	GlobalSection(SolutionProperties) = preSolution
		HideSolutionNode = FALSE
	EndGlobalSection
	GlobalSection(ExtensibilityGlobals) = postSolution
		SolutionGuid = {0CB84BA5-93EF-4552-8F74-3C84D9B267DD}
	EndGlobalSection
EndGlobal
